
Microsoft Visual Studio Solution File, Format Version 12.00
# Visual Studio Version 17
VisualStudioVersion = 17.14.36202.13 d17.14
MinimumVisualStudioVersion = 10.0.40219.1
Project("{FAE04EC0-301F-11D3-BF4B-00C04F79EFBC}") = "introProgPersonalChallengeSelfLearningCFrench0259182", "introProgPersonalChallengeSelfLearningCFrench0259182\introProgPersonalChallengeSelfLearningCFrench0259182.csproj", "{E7514B12-5424-4B30-8E41-7635CC3F0B53}"
EndProject
Global
	GlobalSection(SolutionConfigurationPlatforms) = preSolution
		Debug|Any CPU = Debug|Any CPU
		Release|Any CPU = Release|Any CPU
	EndGlobalSection
	GlobalSection(ProjectConfigurationPlatforms) = postSolution
		{E7514B12-5424-4B30-8E41-7635CC3F0B53}.Debug|Any CPU.ActiveCfg = Debug|Any CPU
		{E7514B12-5424-4B30-8E41-7635CC3F0B53}.Debug|Any CPU.Build.0 = Debug|Any CPU
		{E7514B12-5424-4B30-8E41-7635CC3F0B53}.Release|Any CPU.ActiveCfg = Release|Any CPU
		{E7514B12-5424-4B30-8E41-7635CC3F0B53}.Release|Any CPU.Build.0 = Release|Any CPU
	EndGlobalSection
	GlobalSection(SolutionProperties) = preSolution
		HideSolutionNode = FALSE
	EndGlobalSection
	GlobalSection(ExtensibilityGlobals) = postSolution
		SolutionGuid = {3AF04553-136D-47FC-8D7C-3F5F7D09F376}
	EndGlobalSection
EndGlobal
